
Microsoft Visual Studio Solution File, Format Version 12.00
# Visual Studio Version 16
VisualStudioVersion = 16.0.30611.23
MinimumVisualStudioVersion = 10.0.40219.1
Project("{FAE04EC0-301F-11D3-BF4B-00C04F79EFBC}") = "PF_0030482011002", "PF_0030482011002\PF_0030482011002.csproj", "{366E0920-86EA-4F59-9D87-F260BA63684A}"
EndProject
Global
	GlobalSection(SolutionConfigurationPlatforms) = preSolution
		Debug|Any CPU = Debug|Any CPU
		Release|Any CPU = Release|Any CPU
	EndGlobalSection
	GlobalSection(ProjectConfigurationPlatforms) = postSolution
		{366E0920-86EA-4F59-9D87-F260BA63684A}.Debug|Any CPU.ActiveCfg = Debug|Any CPU
		{366E0920-86EA-4F59-9D87-F260BA63684A}.Debug|Any CPU.Build.0 = Debug|Any CPU
		{366E0920-86EA-4F59-9D87-F260BA63684A}.Release|Any CPU.ActiveCfg = Release|Any CPU
		{366E0920-86EA-4F59-9D87-F260BA63684A}.Release|Any CPU.Build.0 = Release|Any CPU
	EndGlobalSection
	GlobalSection(SolutionProperties) = preSolution
		HideSolutionNode = FALSE
	EndGlobalSection
	GlobalSection(ExtensibilityGlobals) = postSolution
		SolutionGuid = {29A345E9-342A-4024-9F58-54F56FF24982}
	EndGlobalSection
EndGlobal
